
Microsoft Visual Studio Solution File, Format Version 12.00
# Visual Studio 15
VisualStudioVersion = 15.0.28307.168
MinimumVisualStudioVersion = 10.0.40219.1
Project("{FAE04EC0-301F-11D3-BF4B-00C04F79EFBC}") = "Лаба по шифрованию цезаря с ключом", "Лаба по шифрованию цезаря с ключом\Лаба по шифрованию цезаря с ключом.csproj", "{33AE56B5-6212-44A9-B39A-7B2F217C42F4}"
EndProject
Global
	GlobalSection(SolutionConfigurationPlatforms) = preSolution
		Debug|Any CPU = Debug|Any CPU
		Release|Any CPU = Release|Any CPU
	EndGlobalSection
	GlobalSection(ProjectConfigurationPlatforms) = postSolution
		{33AE56B5-6212-44A9-B39A-7B2F217C42F4}.Debug|Any CPU.ActiveCfg = Debug|Any CPU
		{33AE56B5-6212-44A9-B39A-7B2F217C42F4}.Debug|Any CPU.Build.0 = Debug|Any CPU
		{33AE56B5-6212-44A9-B39A-7B2F217C42F4}.Release|Any CPU.ActiveCfg = Release|Any CPU
		{33AE56B5-6212-44A9-B39A-7B2F217C42F4}.Release|Any CPU.Build.0 = Release|Any CPU
	EndGlobalSection
	GlobalSection(SolutionProperties) = preSolution
		HideSolutionNode = FALSE
	EndGlobalSection
	GlobalSection(ExtensibilityGlobals) = postSolution
		SolutionGuid = {458886C6-BD20-4D56-BEA0-6FA99BD985B1}
	EndGlobalSection
EndGlobal
